
Microsoft Visual Studio Solution File, Format Version 12.00
# Visual Studio Version 16
VisualStudioVersion = 16.0.32002.261
MinimumVisualStudioVersion = 10.0.40219.1
Project("{9A19103F-16F7-4668-BE54-9A1E7A4F7556}") = "ValueRefTypes", "ValueRefTypes\ValueRefTypes.csproj", "{CA7C75F6-7D59-411F-A88B-802D823DE835}"
EndProject
Project("{9A19103F-16F7-4668-BE54-9A1E7A4F7556}") = "OOP", "OOP\OOP.csproj", "{C0D2F462-5D99-4DC1-87F2-942D4924EDF9}"
EndProject
Project("{FAE04EC0-301F-11D3-BF4B-00C04F79EFBC}") = "Casting", "Casting\Casting.csproj", "{79EB35BD-DC6E-4EE7-B239-8B44DA0F1BE7}"
EndProject
Global
	GlobalSection(SolutionConfigurationPlatforms) = preSolution
		Debug|Any CPU = Debug|Any CPU
		Release|Any CPU = Release|Any CPU
	EndGlobalSection
	GlobalSection(ProjectConfigurationPlatforms) = postSolution
		{CA7C75F6-7D59-411F-A88B-802D823DE835}.Debug|Any CPU.ActiveCfg = Debug|Any CPU
		{CA7C75F6-7D59-411F-A88B-802D823DE835}.Debug|Any CPU.Build.0 = Debug|Any CPU
		{CA7C75F6-7D59-411F-A88B-802D823DE835}.Release|Any CPU.ActiveCfg = Release|Any CPU
		{CA7C75F6-7D59-411F-A88B-802D823DE835}.Release|Any CPU.Build.0 = Release|Any CPU
		{C0D2F462-5D99-4DC1-87F2-942D4924EDF9}.Debug|Any CPU.ActiveCfg = Debug|Any CPU
		{C0D2F462-5D99-4DC1-87F2-942D4924EDF9}.Debug|Any CPU.Build.0 = Debug|Any CPU
		{C0D2F462-5D99-4DC1-87F2-942D4924EDF9}.Release|Any CPU.ActiveCfg = Release|Any CPU
		{C0D2F462-5D99-4DC1-87F2-942D4924EDF9}.Release|Any CPU.Build.0 = Release|Any CPU
		{79EB35BD-DC6E-4EE7-B239-8B44DA0F1BE7}.Debug|Any CPU.ActiveCfg = Debug|Any CPU
		{79EB35BD-DC6E-4EE7-B239-8B44DA0F1BE7}.Debug|Any CPU.Build.0 = Debug|Any CPU
		{79EB35BD-DC6E-4EE7-B239-8B44DA0F1BE7}.Release|Any CPU.ActiveCfg = Release|Any CPU
		{79EB35BD-DC6E-4EE7-B239-8B44DA0F1BE7}.Release|Any CPU.Build.0 = Release|Any CPU
	EndGlobalSection
	GlobalSection(SolutionProperties) = preSolution
		HideSolutionNode = FALSE
	EndGlobalSection
	GlobalSection(ExtensibilityGlobals) = postSolution
		SolutionGuid = {89D56BB0-00AE-465B-ABA7-2AAC31FFD281}
	EndGlobalSection
EndGlobal
